
Microsoft Visual Studio Solution File, Format Version 12.00
# Visual Studio Version 16
VisualStudioVersion = 16.0.29806.167
MinimumVisualStudioVersion = 10.0.40219.1
Project("{FAE04EC0-301F-11D3-BF4B-00C04F79EFBC}") = "HB.MarsRover", "HB.MarsRover\HB.MarsRover.csproj", "{A3FA1317-67D4-4B03-B678-77F18DBCB121}"
EndProject
Project("{FAE04EC0-301F-11D3-BF4B-00C04F79EFBC}") = "HB.MarsRover.Test", "HB.MarsRover.Test\HB.MarsRover.Test.csproj", "{F41FFB91-EECA-4007-BA16-A76F12DE0697}"
EndProject
Global
	GlobalSection(SolutionConfigurationPlatforms) = preSolution
		Debug|Any CPU = Debug|Any CPU
		Release|Any CPU = Release|Any CPU
	EndGlobalSection
	GlobalSection(ProjectConfigurationPlatforms) = postSolution
		{A3FA1317-67D4-4B03-B678-77F18DBCB121}.Debug|Any CPU.ActiveCfg = Debug|Any CPU
		{A3FA1317-67D4-4B03-B678-77F18DBCB121}.Debug|Any CPU.Build.0 = Debug|Any CPU
		{A3FA1317-67D4-4B03-B678-77F18DBCB121}.Release|Any CPU.ActiveCfg = Release|Any CPU
		{A3FA1317-67D4-4B03-B678-77F18DBCB121}.Release|Any CPU.Build.0 = Release|Any CPU
		{F41FFB91-EECA-4007-BA16-A76F12DE0697}.Debug|Any CPU.ActiveCfg = Debug|Any CPU
		{F41FFB91-EECA-4007-BA16-A76F12DE0697}.Debug|Any CPU.Build.0 = Debug|Any CPU
		{F41FFB91-EECA-4007-BA16-A76F12DE0697}.Release|Any CPU.ActiveCfg = Release|Any CPU
		{F41FFB91-EECA-4007-BA16-A76F12DE0697}.Release|Any CPU.Build.0 = Release|Any CPU
	EndGlobalSection
	GlobalSection(SolutionProperties) = preSolution
		HideSolutionNode = FALSE
	EndGlobalSection
	GlobalSection(ExtensibilityGlobals) = postSolution
		SolutionGuid = {7166DCB0-3964-42F4-980F-E4E5ACB179CC}
	EndGlobalSection
EndGlobal
